// !$*UTF8*$!
{
	archiveVersion = 1;
	classes = {
	};
	objectVersion = 46;
	objects = {

/* Begin PBXBuildFile section */
		C2DE165885BFCA87CD8BAAC3 /* Pods_MortgageCalculatorProfessional.framework in Frameworks */ = {isa = PBXBuildFile; fileRef = 16619B22ECD4485F974573B3 /* Pods_MortgageCalculatorProfessional.framework */; };
		FA006DA61DB92EAC00E5A233 /* AppDelegate.swift in Sources */ = {isa = PBXBuildFile; fileRef = FA006DA51DB92EAC00E5A233 /* AppDelegate.swift */; };
		FA006DA81DB92EAC00E5A233 /* ViewController.swift in Sources */ = {isa = PBXBuildFile; fileRef = FA006DA71DB92EAC00E5A233 /* ViewController.swift */; };
		FA006DAB1DB92EAC00E5A233 /* Main.storyboard in Resources */ = {isa = PBXBuildFile; fileRef = FA006DA91DB92EAC00E5A233 /* Main.storyboard */; };
		FA006DAE1DB92EAC00E5A233 /* MortgageCalculatorProfessional.xcdatamodeld in Sources */ = {isa = PBXBuildFile; fileRef = FA006DAC1DB92EAC00E5A233 /* MortgageCalculatorProfessional.xcdatamodeld */; };
		FA006DB01DB92EAC00E5A233 /* Assets.xcassets in Resources */ = {isa = PBXBuildFile; fileRef = FA006DAF1DB92EAC00E5A233 /* Assets.xcassets */; };
		FA006DCF1DBAAC7A00E5A233 /* LaunchScreen.storyboard in Resources */ = {isa = PBXBuildFile; fileRef = FA006DCD1DBAAC7A00E5A233 /* LaunchScreen.storyboard */; };
		FA6A854E1DC7BF510031A2C3 /* ARPieChart.swift in Sources */ = {isa = PBXBuildFile; fileRef = FA6A854D1DC7BF510031A2C3 /* ARPieChart.swift */; };
		FA6A85521DCA87310031A2C3 /* GoogleService-Info.plist in Resources */ = {isa = PBXBuildFile; fileRef = FA6A85511DCA87310031A2C3 /* GoogleService-Info.plist */; };
/* End PBXBuildFile section */

/* Begin PBXCopyFilesBuildPhase section */
		FA006DCC1DB9A02F00E5A233 /* Embed Frameworks */ = {
			isa = PBXCopyFilesBuildPhase;
			buildActionMask = 2147483647;
			dstPath = "";
			dstSubfolderSpec = 10;
			files = (
			);
			name = "Embed Frameworks";
			runOnlyForDeploymentPostprocessing = 0;
		};
/* End PBXCopyFilesBuildPhase section */

/* Begin PBXFileReference section */
		16619B22ECD4485F974573B3 /* Pods_MortgageCalculatorProfessional.framework */ = {isa = PBXFileReference; explicitFileType = wrapper.framework; includeInIndex = 0; path = Pods_MortgageCalculatorProfessional.framework; sourceTree = BUILT_PRODUCTS_DIR; };
		B85D7178438063622497984E /* Pods-MortgageCalculatorProfessional.release.xcconfig */ = {isa = PBXFileReference; includeInIndex = 1; lastKnownFileType = text.xcconfig; name = "Pods-MortgageCalculatorProfessional.release.xcconfig"; path = "Pods/Target Support Files/Pods-MortgageCalculatorProfessional/Pods-MortgageCalculatorProfessional.release.xcconfig"; sourceTree = "<group>"; };
		CAFFAFF7F6B20E0C07CE6000 /* Pods-MortgageCalculatorProfessional.debug.xcconfig */ = {isa = PBXFileReference; includeInIndex = 1; lastKnownFileType = text.xcconfig; name = "Pods-MortgageCalculatorProfessional.debug.xcconfig"; path = "Pods/Target Support Files/Pods-MortgageCalculatorProfessional/Pods-MortgageCalculatorProfessional.debug.xcconfig"; sourceTree = "<group>"; };
		FA006DA21DB92EAC00E5A233 /* MortgageCalculatorProfessional.app */ = {isa = PBXFileReference; explicitFileType = wrapper.application; includeInIndex = 0; path = MortgageCalculatorProfessional.app; sourceTree = BUILT_PRODUCTS_DIR; };
		FA006DA51DB92EAC00E5A233 /* AppDelegate.swift */ = {isa = PBXFileReference; lastKnownFileType = sourcecode.swift; path = AppDelegate.swift; sourceTree = "<group>"; };
		FA006DA71DB92EAC00E5A233 /* ViewController.swift */ = {isa = PBXFileReference; lastKnownFileType = sourcecode.swift; path = ViewController.swift; sourceTree = "<group>"; };
		FA006DAA1DB92EAC00E5A233 /* Base */ = {isa = PBXFileReference; lastKnownFileType = file.storyboard; name = Base; path = Base.lproj/Main.storyboard; sourceTree = "<group>"; };
		FA006DAD1DB92EAC00E5A233 /* MortgageCalculatorProfessional.xcdatamodel */ = {isa = PBXFileReference; lastKnownFileType = wrapper.xcdatamodel; path = MortgageCalculatorProfessional.xcdatamodel; sourceTree = "<group>"; };
		FA006DAF1DB92EAC00E5A233 /* Assets.xcassets */ = {isa = PBXFileReference; lastKnownFileType = folder.assetcatalog; path = Assets.xcassets; sourceTree = "<group>"; };
		FA006DB41DB92EAC00E5A233 /* Info.plist */ = {isa = PBXFileReference; lastKnownFileType = text.plist.xml; path = Info.plist; sourceTree = "<group>"; };
		FA006DCE1DBAAC7A00E5A233 /* Base */ = {isa = PBXFileReference; lastKnownFileType = file.storyboard; name = Base; path = Base.lproj/LaunchScreen.storyboard; sourceTree = "<group>"; };
		FA6A854D1DC7BF510031A2C3 /* ARPieChart.swift */ = {isa = PBXFileReference; fileEncoding = 4; lastKnownFileType = sourcecode.swift; path = ARPieChart.swift; sourceTree = "<group>"; };
		FA6A85511DCA87310031A2C3 /* GoogleService-Info.plist */ = {isa = PBXFileReference; fileEncoding = 4; lastKnownFileType = text.plist.xml; path = "GoogleService-Info.plist"; sourceTree = "<group>"; };
/* End PBXFileReference section */

/* Begin PBXFrameworksBuildPhase section */
		FA006D9F1DB92EAC00E5A233 /* Frameworks */ = {
			isa = PBXFrameworksBuildPhase;
			buildActionMask = 2147483647;
			files = (
				C2DE165885BFCA87CD8BAAC3 /* Pods_MortgageCalculatorProfessional.framework in Frameworks */,
			);
			runOnlyForDeploymentPostprocessing = 0;
		};
/* End PBXFrameworksBuildPhase section */

/* Begin PBXGroup section */
		CCDFE7E786FA781A9CFAF77A /* Pods */ = {
			isa = PBXGroup;
			children = (
				CAFFAFF7F6B20E0C07CE6000 /* Pods-MortgageCalculatorProfessional.debug.xcconfig */,
				B85D7178438063622497984E /* Pods-MortgageCalculatorProfessional.release.xcconfig */,
			);
			name = Pods;
			sourceTree = "<group>";
		};
		E46AAC42747CA86B040BCBF1 /* Frameworks */ = {
			isa = PBXGroup;
			children = (
				16619B22ECD4485F974573B3 /* Pods_MortgageCalculatorProfessional.framework */,
			);
			name = Frameworks;
			sourceTree = "<group>";
		};
		FA006D991DB92EAC00E5A233 = {
			isa = PBXGroup;
			children = (
				FA006DA41DB92EAC00E5A233 /* MortgageCalculatorProfessional */,
				FA006DA31DB92EAC00E5A233 /* Products */,
				CCDFE7E786FA781A9CFAF77A /* Pods */,
				E46AAC42747CA86B040BCBF1 /* Frameworks */,
			);
			sourceTree = "<group>";
		};
		FA006DA31DB92EAC00E5A233 /* Products */ = {
			isa = PBXGroup;
			children = (
				FA006DA21DB92EAC00E5A233 /* MortgageCalculatorProfessional.app */,
			);
			name = Products;
			sourceTree = "<group>";
		};
		FA006DA41DB92EAC00E5A233 /* MortgageCalculatorProfessional */ = {
			isa = PBXGroup;
			children = (
				FA6A854F1DC7C0A30031A2C3 /* ARPieChart */,
				FA006DA51DB92EAC00E5A233 /* AppDelegate.swift */,
				FA0327701DC5904900187043 /* UI */,
				FA03276F1DC5900D00187043 /* Storyboards */,
				FA006DAF1DB92EAC00E5A233 /* Assets.xcassets */,
				FA6A85501DC7C0C50031A2C3 /* Supporting Files */,
				FA0327721DC5912600187043 /* Model */,
			);
			path = MortgageCalculatorProfessional;
			sourceTree = "<group>";
		};
		FA03276F1DC5900D00187043 /* Storyboards */ = {
			isa = PBXGroup;
			children = (
				FA006DA91DB92EAC00E5A233 /* Main.storyboard */,
				FA006DCD1DBAAC7A00E5A233 /* LaunchScreen.storyboard */,
			);
			name = Storyboards;
			sourceTree = "<group>";
		};
		FA0327701DC5904900187043 /* UI */ = {
			isa = PBXGroup;
			children = (
				FA006DA71DB92EAC00E5A233 /* ViewController.swift */,
			);
			name = UI;
			sourceTree = "<group>";
		};
		FA0327721DC5912600187043 /* Model */ = {
			isa = PBXGroup;
			children = (
				FA006DAC1DB92EAC00E5A233 /* MortgageCalculatorProfessional.xcdatamodeld */,
			);
			name = Model;
			sourceTree = "<group>";
		};
		FA6A854F1DC7C0A30031A2C3 /* ARPieChart */ = {
			isa = PBXGroup;
			children = (
				FA6A854D1DC7BF510031A2C3 /* ARPieChart.swift */,
			);
			name = ARPieChart;
			sourceTree = "<group>";
		};
		FA6A85501DC7C0C50031A2C3 /* Supporting Files */ = {
			isa = PBXGroup;
			children = (
				FA6A85511DCA87310031A2C3 /* GoogleService-Info.plist */,
				FA006DB41DB92EAC00E5A233 /* Info.plist */,
			);
			name = "Supporting Files";
			sourceTree = "<group>";
		};
/* End PBXGroup section */

/* Begin PBXNativeTarget section */
		FA006DA11DB92EAC00E5A233 /* MortgageCalculatorProfessional */ = {
			isa = PBXNativeTarget;
			buildConfigurationList = FA006DB71DB92EAC00E5A233 /* Build configuration list for PBXNativeTarget "MortgageCalculatorProfessional" */;
			buildPhases = (
				92DBE9152698D9FB805133FE /* [CP] Check Pods Manifest.lock */,
				FA006D9E1DB92EAC00E5A233 /* Sources */,
				FA006D9F1DB92EAC00E5A233 /* Frameworks */,
				FA006DA01DB92EAC00E5A233 /* Resources */,
				FA006DCC1DB9A02F00E5A233 /* Embed Frameworks */,
				B10130BE6093686378F4EB08 /* [CP] Embed Pods Frameworks */,
				6B474BB13B17C4015B9AA733 /* [CP] Copy Pods Resources */,
			);
			buildRules = (
			);
			dependencies = (
			);
			name = MortgageCalculatorProfessional;
			productName = MortgageCalculatorProfessional;
			productReference = FA006DA21DB92EAC00E5A233 /* MortgageCalculatorProfessional.app */;
			productType = "com.apple.product-type.application";
		};
/* End PBXNativeTarget section */

/* Begin PBXProject section */
		FA006D9A1DB92EAC00E5A233 /* Project object */ = {
			isa = PBXProject;
			attributes = {
				LastSwiftUpdateCheck = 0800;
				LastUpgradeCheck = 0810;
				ORGANIZATIONNAME = Alex;
				TargetAttributes = {
					FA006DA11DB92EAC00E5A233 = {
						CreatedOnToolsVersion = 8.0;
						DevelopmentTeam = R39S7CJNE2;
						ProvisioningStyle = Manual;
					};
				};
			};
			buildConfigurationList = FA006D9D1DB92EAC00E5A233 /* Build configuration list for PBXProject "MortgageCalculatorProfessional" */;
			compatibilityVersion = "Xcode 3.2";
			developmentRegion = English;
			hasScannedForEncodings = 0;
			knownRegions = (
				en,
				Base,
			);
			mainGroup = FA006D991DB92EAC00E5A233;
			productRefGroup = FA006DA31DB92EAC00E5A233 /* Products */;
			projectDirPath = "";
			projectRoot = "";
			targets = (
				FA006DA11DB92EAC00E5A233 /* MortgageCalculatorProfessional */,
			);
		};
/* End PBXProject section */

/* Begin PBXResourcesBuildPhase section */
		FA006DA01DB92EAC00E5A233 /* Resources */ = {
			isa = PBXResourcesBuildPhase;
			buildActionMask = 2147483647;
			files = (
				FA006DCF1DBAAC7A00E5A233 /* LaunchScreen.storyboard in Resources */,
				FA6A85521DCA87310031A2C3 /* GoogleService-Info.plist in Resources */,
				FA006DB01DB92EAC00E5A233 /* Assets.xcassets in Resources */,
				FA006DAB1DB92EAC00E5A233 /* Main.storyboard in Resources */,
			);
			runOnlyForDeploymentPostprocessing = 0;
		};
/* End PBXResourcesBuildPhase section */

/* Begin PBXShellScriptBuildPhase section */
		6B474BB13B17C4015B9AA733 /* [CP] Copy Pods Resources */ = {
			isa = PBXShellScriptBuildPhase;
			buildActionMask = 2147483647;
			files = (
			);
			inputPaths = (
			);
			name = "[CP] Copy Pods Resources";
			outputPaths = (
			);
			runOnlyForDeploymentPostprocessing = 0;
			shellPath = /bin/sh;
			shellScript = "\"${SRCROOT}/Pods/Target Support Files/Pods-MortgageCalculatorProfessional/Pods-MortgageCalculatorProfessional-resources.sh\"\n";
			showEnvVarsInLog = 0;
		};
		92DBE9152698D9FB805133FE /* [CP] Check Pods Manifest.lock */ = {
			isa = PBXShellScriptBuildPhase;
			buildActionMask = 2147483647;
			files = (
			);
			inputPaths = (
			);
			name = "[CP] Check Pods Manifest.lock";
			outputPaths = (
			);
			runOnlyForDeploymentPostprocessing = 0;
			shellPath = /bin/sh;
			shellScript = "diff \"${PODS_ROOT}/../Podfile.lock\" \"${PODS_ROOT}/Manifest.lock\" > /dev/null\nif [ $? != 0 ] ; then\n    # print error to STDERR\n    echo \"error: The sandbox is not in sync with the Podfile.lock. Run 'pod install' or update your CocoaPods installation.\" >&2\n    exit 1\nfi\n";
			showEnvVarsInLog = 0;
		};
		B10130BE6093686378F4EB08 /* [CP] Embed Pods Frameworks */ = {
			isa = PBXShellScriptBuildPhase;
			buildActionMask = 2147483647;
			files = (
			);
			inputPaths = (
			);
			name = "[CP] Embed Pods Frameworks";
			outputPaths = (
			);
			runOnlyForDeploymentPostprocessing = 0;
			shellPath = /bin/sh;
			shellScript = "\"${SRCROOT}/Pods/Target Support Files/Pods-MortgageCalculatorProfessional/Pods-MortgageCalculatorProfessional-frameworks.sh\"\n";
			showEnvVarsInLog = 0;
		};
/* End PBXShellScriptBuildPhase section */

/* Begin PBXSourcesBuildPhase section */
		FA006D9E1DB92EAC00E5A233 /* Sources */ = {
			isa = PBXSourcesBuildPhase;
			buildActionMask = 2147483647;
			files = (
				FA006DA81DB92EAC00E5A233 /* ViewController.swift in Sources */,
				FA006DAE1DB92EAC00E5A233 /* MortgageCalculatorProfessional.xcdatamodeld in Sources */,
				FA6A854E1DC7BF510031A2C3 /* ARPieChart.swift in Sources */,
				FA006DA61DB92EAC00E5A233 /* AppDelegate.swift in Sources */,
			);
			runOnlyForDeploymentPostprocessing = 0;
		};
/* End PBXSourcesBuildPhase section */

/* Begin PBXVariantGroup section */
		FA006DA91DB92EAC00E5A233 /* Main.storyboard */ = {
			isa = PBXVariantGroup;
			children = (
				FA006DAA1DB92EAC00E5A233 /* Base */,
			);
			name = Main.storyboard;
			sourceTree = "<group>";
		};
		FA006DCD1DBAAC7A00E5A233 /* LaunchScreen.storyboard */ = {
			isa = PBXVariantGroup;
			children = (
				FA006DCE1DBAAC7A00E5A233 /* Base */,
			);
			name = LaunchScreen.storyboard;
			sourceTree = "<group>";
		};
/* End PBXVariantGroup section */

/* Begin XCBuildConfiguration section */
		FA006DB51DB92EAC00E5A233 /* Debug */ = {
			isa = XCBuildConfiguration;
			buildSettings = {
				ALWAYS_SEARCH_USER_PATHS = NO;
				CLANG_ANALYZER_NONNULL = YES;
				CLANG_CXX_LANGUAGE_STANDARD = "gnu++0x";
				CLANG_CXX_LIBRARY = "libc++";
				CLANG_ENABLE_MODULES = YES;
				CLANG_ENABLE_OBJC_ARC = YES;
				CLANG_WARN_BOOL_CONVERSION = YES;
				CLANG_WARN_CONSTANT_CONVERSION = YES;
				CLANG_WARN_DIRECT_OBJC_ISA_USAGE = YES_ERROR;
				CLANG_WARN_DOCUMENTATION_COMMENTS = YES;
				CLANG_WARN_EMPTY_BODY = YES;
				CLANG_WARN_ENUM_CONVERSION = YES;
				CLANG_WARN_INFINITE_RECURSION = YES;
				CLANG_WARN_INT_CONVERSION = YES;
				CLANG_WARN_OBJC_ROOT_CLASS = YES_ERROR;
				CLANG_WARN_SUSPICIOUS_MOVE = YES;
				CLANG_WARN_SUSPICIOUS_MOVES = YES;
				CLANG_WARN_UNREACHABLE_CODE = YES;
				CLANG_WARN__DUPLICATE_METHOD_MATCH = YES;
				"CODE_SIGN_IDENTITY[sdk=iphoneos*]" = "iPhone Developer";
				COPY_PHASE_STRIP = NO;
				DEBUG_INFORMATION_FORMAT = dwarf;
				ENABLE_STRICT_OBJC_MSGSEND = YES;
				ENABLE_TESTABILITY = YES;
				GCC_C_LANGUAGE_STANDARD = gnu99;
				GCC_DYNAMIC_NO_PIC = NO;
				GCC_NO_COMMON_BLOCKS = YES;
				GCC_OPTIMIZATION_LEVEL = 0;
				GCC_PREPROCESSOR_DEFINITIONS = (
					"DEBUG=1",
					"$(inherited)",
				);
				GCC_WARN_64_TO_32_BIT_CONVERSION = YES;
				GCC_WARN_ABOUT_RETURN_TYPE = YES_ERROR;
				GCC_WARN_UNDECLARED_SELECTOR = YES;
				GCC_WARN_UNINITIALIZED_AUTOS = YES_AGGRESSIVE;
				GCC_WARN_UNUSED_FUNCTION = YES;
				GCC_WARN_UNUSED_VARIABLE = YES;
				IPHONEOS_DEPLOYMENT_TARGET = 10.0;
				MTL_ENABLE_DEBUG_INFO = YES;
				ONLY_ACTIVE_ARCH = YES;
				SDKROOT = iphoneos;
				SWIFT_ACTIVE_COMPILATION_CONDITIONS = DEBUG;
				SWIFT_OPTIMIZATION_LEVEL = "-Onone";
				TARGETED_DEVICE_FAMILY = "1,2";
			};
			name = Debug;
		};
		FA006DB61DB92EAC00E5A233 /* Release */ = {
			isa = XCBuildConfiguration;
			buildSettings = {
				ALWAYS_SEARCH_USER_PATHS = NO;
				CLANG_ANALYZER_NONNULL = YES;
				CLANG_CXX_LANGUAGE_STANDARD = "gnu++0x";
				CLANG_CXX_LIBRARY = "libc++";
				CLANG_ENABLE_MODULES = YES;
				CLANG_ENABLE_OBJC_ARC = YES;
				CLANG_WARN_BOOL_CONVERSION = YES;
				CLANG_WARN_CONSTANT_CONVERSION = YES;
				CLANG_WARN_DIRECT_OBJC_ISA_USAGE = YES_ERROR;
				CLANG_WARN_DOCUMENTATION_COMMENTS = YES;
				CLANG_WARN_EMPTY_BODY = YES;
				CLANG_WARN_ENUM_CONVERSION = YES;
				CLANG_WARN_INFINITE_RECURSION = YES;
				CLANG_WARN_INT_CONVERSION = YES;
				CLANG_WARN_OBJC_ROOT_CLASS = YES_ERROR;
				CLANG_WARN_SUSPICIOUS_MOVE = YES;
				CLANG_WARN_SUSPICIOUS_MOVES = YES;
				CLANG_WARN_UNREACHABLE_CODE = YES;
				CLANG_WARN__DUPLICATE_METHOD_MATCH = YES;
				"CODE_SIGN_IDENTITY[sdk=iphoneos*]" = "iPhone Developer";
				COPY_PHASE_STRIP = NO;
				DEBUG_INFORMATION_FORMAT = "dwarf-with-dsym";
				ENABLE_NS_ASSERTIONS = NO;
				ENABLE_STRICT_OBJC_MSGSEND = YES;
				GCC_C_LANGUAGE_STANDARD = gnu99;
				GCC_NO_COMMON_BLOCKS = YES;
				GCC_WARN_64_TO_32_BIT_CONVERSION = YES;
				GCC_WARN_ABOUT_RETURN_TYPE = YES_ERROR;
				GCC_WARN_UNDECLARED_SELECTOR = YES;
				GCC_WARN_UNINITIALIZED_AUTOS = YES_AGGRESSIVE;
				GCC_WARN_UNUSED_FUNCTION = YES;
				GCC_WARN_UNUSED_VARIABLE = YES;
				IPHONEOS_DEPLOYMENT_TARGET = 10.0;
				MTL_ENABLE_DEBUG_INFO = NO;
				SDKROOT = iphoneos;
				SWIFT_OPTIMIZATION_LEVEL = "-Owholemodule";
				TARGETED_DEVICE_FAMILY = "1,2";
				VALIDATE_PRODUCT = YES;
			};
			name = Release;
		};
		FA006DB81DB92EAC00E5A233 /* Debug */ = {
			isa = XCBuildConfiguration;
			baseConfigurationReference = CAFFAFF7F6B20E0C07CE6000 /* Pods-MortgageCalculatorProfessional.debug.xcconfig */;
			buildSettings = {
				ASSETCATALOG_COMPILER_APPICON_NAME = AppIcon;
				ASSETCATALOG_COMPILER_LAUNCHIMAGE_NAME = LaunchImage;
				CODE_SIGN_IDENTITY = "iPhone Developer";
				"CODE_SIGN_IDENTITY[sdk=iphoneos*]" = "iPhone Developer";
				DEVELOPMENT_TEAM = R39S7CJNE2;
				INFOPLIST_FILE = MortgageCalculatorProfessional/Info.plist;
				LD_RUNPATH_SEARCH_PATHS = "$(inherited) @executable_path/Frameworks";
				PRODUCT_BUNDLE_IDENTIFIER = com.alexyy.mortgagecalculatorprofessional;
				PRODUCT_NAME = "$(TARGET_NAME)";
				PROVISIONING_PROFILE = "c1c92ffc-b16c-408d-bf2d-ac3ce38202d4";
				PROVISIONING_PROFILE_SPECIFIER = MCPDev;
				SWIFT_VERSION = 3.0;
				TARGETED_DEVICE_FAMILY = "1,2";
			};
			name = Debug;
		};
		FA006DB91DB92EAC00E5A233 /* Release */ = {
			isa = XCBuildConfiguration;
			baseConfigurationReference = B85D7178438063622497984E /* Pods-MortgageCalculatorProfessional.release.xcconfig */;
			buildSettings = {
				ASSETCATALOG_COMPILER_APPICON_NAME = AppIcon;
				ASSETCATALOG_COMPILER_LAUNCHIMAGE_NAME = LaunchImage;
				CODE_SIGN_IDENTITY = "iPhone Distribution";
				"CODE_SIGN_IDENTITY[sdk=iphoneos*]" = "iPhone Distribution";
				DEVELOPMENT_TEAM = R39S7CJNE2;
				INFOPLIST_FILE = MortgageCalculatorProfessional/Info.plist;
				LD_RUNPATH_SEARCH_PATHS = "$(inherited) @executable_path/Frameworks";
				PRODUCT_BUNDLE_IDENTIFIER = com.alexyy.mortgagecalculatorprofessional;
				PRODUCT_NAME = "$(TARGET_NAME)";
				PROVISIONING_PROFILE = "4794bde9-3c40-4d1c-b7f1-a04bd7d37a85";
				PROVISIONING_PROFILE_SPECIFIER = MCPDis;
				SWIFT_VERSION = 3.0;
				TARGETED_DEVICE_FAMILY = "1,2";
			};
			name = Release;
		};
/* End XCBuildConfiguration section */

/* Begin XCConfigurationList section */
		FA006D9D1DB92EAC00E5A233 /* Build configuration list for PBXProject "MortgageCalculatorProfessional" */ = {
			isa = XCConfigurationList;
			buildConfigurations = (
				FA006DB51DB92EAC00E5A233 /* Debug */,
				FA006DB61DB92EAC00E5A233 /* Release */,
			);
			defaultConfigurationIsVisible = 0;
			defaultConfigurationName = Release;
		};
		FA006DB71DB92EAC00E5A233 /* Build configuration list for PBXNativeTarget "MortgageCalculatorProfessional" */ = {
			isa = XCConfigurationList;
			buildConfigurations = (
				FA006DB81DB92EAC00E5A233 /* Debug */,
				FA006DB91DB92EAC00E5A233 /* Release */,
			);
			defaultConfigurationIsVisible = 0;
			defaultConfigurationName = Release;
		};
/* End XCConfigurationList section */

/* Begin XCVersionGroup section */
		FA006DAC1DB92EAC00E5A233 /* MortgageCalculatorProfessional.xcdatamodeld */ = {
			isa = XCVersionGroup;
			children = (
				FA006DAD1DB92EAC00E5A233 /* MortgageCalculatorProfessional.xcdatamodel */,
			);
			currentVersion = FA006DAD1DB92EAC00E5A233 /* MortgageCalculatorProfessional.xcdatamodel */;
			path = MortgageCalculatorProfessional.xcdatamodeld;
			sourceTree = "<group>";
			versionGroupType = wrapper.xcdatamodel;
		};
/* End XCVersionGroup section */
	};
	rootObject = FA006D9A1DB92EAC00E5A233 /* Project object */;
}
